{
  "version": 4,
  "terraform_version": "1.7.3",
  "serial": 92,
  "lineage": "94bded69-a60d-e196-f3b4-599a4204885e",
  "outputs": {
    "key-path": {
      "value": "/d/Abhi/Projects/skill-boost-project/Ultimate/",
      "type": "string"
    },
    "sa-key": {
      "value": "ewogICJ0eXBlIjogInNlcnZpY2VfYWNjb3VudCIsCiAgInByb2plY3RfaWQiOiAibHVjaWQtdm9sdC00Mjg2MDYtdjIiLAogICJwcml2YXRlX2tleV9pZCI6ICI0MjU2MGFkODJkODU1OWU0ZDRlNmZlMjFiODEzODQ0NDNmZjMyOGFmIiwKICAicHJpdmF0ZV9rZXkiOiAiLS0tLS1CRUdJTiBQUklWQVRFIEtFWS0tLS0tXG5NSUlFdmdJQkFEQU5CZ2txaGtpRzl3MEJBUUVGQUFTQ0JLZ3dnZ1NrQWdFQUFvSUJBUUNkL2g2TEM2YUh1TzRKXG5aTFozY1Y3RzNtZDU3blNBb09ndWc3STE0T1JIRUtWTlpxYXMrNnd5VlJUcXg2OEVoWWdaQmFKMG1VUjh4NEo5XG5nK29xY1JkNjBJdzhRN3RWaFZYK0hocDBrMGJ5RWZKTmd4dEs2eFl1QVl5aDJnWStKUXNCZzFUOUwvM2tMZS9FXG5OTnVlYlpHckRxNVhzaVMvMFdvbzE2b3BaNkJBbFJEaHNKU2JSNkJyS0hqd1hFUk5sbG1kOU5RanBXQVlZaEkvXG5QWVNqWU9GWjM0Qm02NDNTWHlnQmRySlBubE9sa2IvTWVWaEgwODVWVEsveWlZaWxEN2ZweWFSS01ObWhQV0d4XG5vNFJrdWJDblk5SHpncU9DWnJZb2p5UWxFaWF2RDE0YXQzbzFTZUQ0SVVSOWV2cUpFYUJ0bVBsZmYzcEc3Nk5HXG4xdlhqYkdzTEFnTUJBQUVDZ2dFQUdTd3J5S0twWjFiVWZQbW5jRE55S0M4TS96L2t5YmtaYW82QUhwWi9qZXBvXG5pVmhjSVJQbzZveTZJWjJCZjFwdWhmSVZ0cmNwZlg5azJwa01mbDVPSVRySXhUSCtKSkR6S1EyNTBGakdMOUVpXG5ob0s4OC94WWZkUmJDRTlPWkZOa1JBV2RUUjU2NDRLd0s0RHlmRXBmMndoMzh3VmNBVUNkUmZiMVVvQ0RaMnZqXG5TOFBSbDhOajk3SnlIdVV4VnRJeDhRNlhkME5XWU9wUkxPM3lhV1QxUXYzT2cyMEc3RUh3YXhmVVZ5UDRhVHJ2XG40RXJrR3lXR3d2TERDbFJTclQzY28vVEtWT3VGRTNoYjNQTnhnTDhzeWQ2SzJRLyt1dXE1Q0ZyK1dBZXFycUNYXG5iaFF6cFNYOXJWVCtHT3ZNck5qNDV5WUdWYkZTaWpmRzEwaDBvQllhd1FLQmdRRE83TE5FdmxLNU5LTHBHd0J4XG5nejd1OVFpdFV4V1F6c0swb1dDdXVVNEEvYmVUbXd4NjZrYXM5Uk54cDBCelNxLzVHN0tLV0xZeFhHeFlkbCtHXG52SEhGZTEwc1lmUmxxY0lxM3pDVXhKS0VRRTN6cnJuYUcrN3lWeEc1QjRtRXc1L2cralVIc1ZFWk14d1lxZmhSXG5Wd2JCWjVHSG1CQzdXVjVIYXBOWEREa053UUtCZ1FERGRvdW82UHVIZ0Y5WVBNVlpucm10Yi9ZRjdNZ0N6SjUxXG4zclRjWHNma1l0UzlUa2QzUTF2TXBMdWYrTEF5eG9TekgrYUQ2S2tTSllkcVpjQTk4YzVFc3A1by8vbmh3K3VJXG5uRTcxZExlYTNiQitoelEvc1JYMDNjU2hjckpRWUx1OUZUMnFCRml2b1FlT0hiVjJIWUtZeFpuTlFnMnVyQ0lKXG4vRFhjVXRWRHl3S0JnUUNRZjBCTWYrOTZmNlJIemVCSVpGTmRRT1ZYUzg2aWVaQUQzVEdMc2NFajlnanMzWGdnXG5tVnJUU3F6U1QrNDAxSElBTGZSR29kNVFwKzdNODVTUG5TYUJ0ajBCVWtIOWdFY2o4d21VeVpSYklDQ1BTM05qXG5PT0JxZ0p6U3JjMjlWWEpmQTdwbWJjOXBIb1MvUUdvME91WnZ4bWdjM1BiS0xZVWxyK25GL3JZVXdRS0JnQnBzXG53RnpKZ3BmREJ5REt0bk56UGU3d24vWVZHTVVvSEpRYTA2Q25QNmJrcFpZaUt3ODRrQVNPa0w4RHcrNVpZRDlIXG5KTWJZZ1dMdXArditiWXJ5VWN4L3lXS3dtSHVwSFFLTy95MjM1Y3FPQmZwVkZQODNWWnlSRHJBMDdWNW9kWGtPXG5raE9XR3RkRGtkM29ya3VWbWI1Rm1KRmpTSzVBbnlseWEyV3AzU01aQW9HQkFKSk0veXVZRnJCYUtwKys5blpKXG45ODBTWmNnOVJncDdXL2dNakR2cGJib2ladHUyNCt3Y2tPMGp1SUhqVll1cysrU1pVNlB4VG5Wak40aGhjcGc0XG5mY29IbWExcEdXK20ybW1ZOEdDTVcyNGFXeCtUTlI1MGIwZGxqM0dobkpOcFhKNW1FZHV0cFFuV1doc1ZzKzl2XG50V1VJbG9OTm1XM3pHRktTRnYrOEJoWWdcbi0tLS0tRU5EIFBSSVZBVEUgS0VZLS0tLS1cbiIsCiAgImNsaWVudF9lbWFpbCI6ICJzcWwtc2FAbHVjaWQtdm9sdC00Mjg2MDYtdjIuaWFtLmdzZXJ2aWNlYWNjb3VudC5jb20iLAogICJjbGllbnRfaWQiOiAiMTAwODIyOTAzNjUxMjkxMTg2MzE0IiwKICAiYXV0aF91cmkiOiAiaHR0cHM6Ly9hY2NvdW50cy5nb29nbGUuY29tL28vb2F1dGgyL2F1dGgiLAogICJ0b2tlbl91cmkiOiAiaHR0cHM6Ly9vYXV0aDIuZ29vZ2xlYXBpcy5jb20vdG9rZW4iLAogICJhdXRoX3Byb3ZpZGVyX3g1MDlfY2VydF91cmwiOiAiaHR0cHM6Ly93d3cuZ29vZ2xlYXBpcy5jb20vb2F1dGgyL3YxL2NlcnRzIiwKICAiY2xpZW50X3g1MDlfY2VydF91cmwiOiAiaHR0cHM6Ly93d3cuZ29vZ2xlYXBpcy5jb20vcm9ib3QvdjEvbWV0YWRhdGEveDUwOS9zcWwtc2ElNDBsdWNpZC12b2x0LTQyODYwNi12Mi5pYW0uZ3NlcnZpY2VhY2NvdW50LmNvbSIsCiAgInVuaXZlcnNlX2RvbWFpbiI6ICJnb29nbGVhcGlzLmNvbSIKfQo=",
      "type": "string",
      "sensitive": true
    },
    "servic_account": {
      "value": "sql-sa@lucid-volt-428606-v2.iam.gserviceaccount.com",
      "type": "string"
    }
  },
  "resources": [
    {
      "mode": "managed",
      "type": "google_compute_disk",
      "name": "persistent_disk",
      "provider": "provider[\"registry.terraform.io/hashicorp/google\"]",
      "instances": [
        {
          "schema_version": 0,
          "attributes": {
            "access_mode": "",
            "async_primary_disk": [],
            "creation_timestamp": "2024-09-09T10:22:37.550-07:00",
            "description": "",
            "disk_encryption_key": [],
            "disk_id": "7791737402991743026",
            "effective_labels": {
              "app": "tomcat",
              "goog-gke-volume": ""
            },
            "enable_confidential_compute": false,
            "guest_os_features": [],
            "id": "projects/lucid-volt-428606-v2/zones/us-central1-a/disks/disk-for-k8s-volume",
            "image": "",
            "label_fingerprint": "kEyhvqjx0YU=",
            "labels": {
              "app": "tomcat"
            },
            "last_attach_timestamp": "",
            "last_detach_timestamp": "",
            "licenses": [],
            "name": "disk-for-k8s-volume",
            "physical_block_size_bytes": 4096,
            "project": "lucid-volt-428606-v2",
            "provisioned_iops": 0,
            "provisioned_throughput": 0,
            "self_link": "https://www.googleapis.com/compute/v1/projects/lucid-volt-428606-v2/zones/us-central1-a/disks/disk-for-k8s-volume",
            "size": 10,
            "snapshot": "",
            "source_disk": "",
            "source_disk_id": "",
            "source_image_encryption_key": [],
            "source_image_id": "",
            "source_snapshot_encryption_key": [],
            "source_snapshot_id": "",
            "storage_pool": "",
            "terraform_labels": {
              "app": "tomcat"
            },
            "timeouts": null,
            "type": "pd-standard",
            "users": [],
            "zone": "us-central1-a"
          },
          "sensitive_attributes": [],
          "private": "eyJlMmJmYjczMC1lY2FhLTExZTYtOGY4OC0zNDM2M2JjN2M0YzAiOnsiY3JlYXRlIjoxMjAwMDAwMDAwMDAwLCJkZWxldGUiOjEyMDAwMDAwMDAwMDAsInVwZGF0ZSI6MTIwMDAwMDAwMDAwMH19"
        }
      ]
    },
    {
      "mode": "managed",
      "type": "google_compute_firewall",
      "name": "my-fire",
      "provider": "provider[\"registry.terraform.io/hashicorp/google\"]",
      "instances": [
        {
          "schema_version": 1,
          "attributes": {
            "allow": [
              {
                "ports": [
                  "80",
                  "22",
                  "443",
                  "9090",
                  "32386",
                  "8080",
                  "8081",
                  "8443"
                ],
                "protocol": "tcp"
              }
            ],
            "creation_timestamp": "2024-08-21T10:31:17.518-07:00",
            "deny": [],
            "description": "",
            "destination_ranges": [],
            "direction": "INGRESS",
            "disabled": false,
            "enable_logging": null,
            "id": "projects/lucid-volt-428606-v2/global/firewalls/test-firewall",
            "log_config": [],
            "name": "test-firewall",
            "network": "https://www.googleapis.com/compute/v1/projects/lucid-volt-428606-v2/global/networks/my-vpc",
            "priority": 1000,
            "project": "lucid-volt-428606-v2",
            "self_link": "https://www.googleapis.com/compute/v1/projects/lucid-volt-428606-v2/global/firewalls/test-firewall",
            "source_ranges": [
              "192.168.31.0/24"
            ],
            "source_service_accounts": [],
            "source_tags": [],
            "target_service_accounts": [],
            "target_tags": [],
            "timeouts": null
          },
          "sensitive_attributes": [],
          "private": "eyJlMmJmYjczMC1lY2FhLTExZTYtOGY4OC0zNDM2M2JjN2M0YzAiOnsiY3JlYXRlIjoxMjAwMDAwMDAwMDAwLCJkZWxldGUiOjEyMDAwMDAwMDAwMDAsInVwZGF0ZSI6MTIwMDAwMDAwMDAwMH0sInNjaGVtYV92ZXJzaW9uIjoiMSJ9",
          "dependencies": [
            "google_compute_network.my_vpc"
          ]
        }
      ]
    },
    {
      "mode": "managed",
      "type": "google_compute_network",
      "name": "my_vpc",
      "provider": "provider[\"registry.terraform.io/hashicorp/google\"]",
      "instances": [
        {
          "schema_version": 0,
          "attributes": {
            "auto_create_subnetworks": false,
            "delete_default_routes_on_create": false,
            "description": "",
            "enable_ula_internal_ipv6": false,
            "gateway_ipv4": "",
            "id": "projects/lucid-volt-428606-v2/global/networks/my-vpc",
            "internal_ipv6_range": "",
            "mtu": 0,
            "name": "my-vpc",
            "network_firewall_policy_enforcement_order": "AFTER_CLASSIC_FIREWALL",
            "numeric_id": "1685023610138034439",
            "project": "lucid-volt-428606-v2",
            "routing_mode": "REGIONAL",
            "self_link": "https://www.googleapis.com/compute/v1/projects/lucid-volt-428606-v2/global/networks/my-vpc",
            "timeouts": null
          },
          "sensitive_attributes": [],
          "private": "eyJlMmJmYjczMC1lY2FhLTExZTYtOGY4OC0zNDM2M2JjN2M0YzAiOnsiY3JlYXRlIjoxMjAwMDAwMDAwMDAwLCJkZWxldGUiOjEyMDAwMDAwMDAwMDAsInVwZGF0ZSI6MTIwMDAwMDAwMDAwMH19"
        }
      ]
    },
    {
      "mode": "managed",
      "type": "google_compute_subnetwork",
      "name": "my_subnet",
      "provider": "provider[\"registry.terraform.io/hashicorp/google\"]",
      "instances": [
        {
          "schema_version": 0,
          "attributes": {
            "creation_timestamp": "2024-08-17T17:27:44.763-07:00",
            "description": "",
            "external_ipv6_prefix": "",
            "fingerprint": null,
            "gateway_address": "10.0.0.1",
            "id": "projects/lucid-volt-428606-v2/regions/us-central1/subnetworks/my-subnet",
            "internal_ipv6_prefix": "",
            "ip_cidr_range": "10.0.0.0/24",
            "ipv6_access_type": "",
            "ipv6_cidr_range": "",
            "log_config": [],
            "name": "my-subnet",
            "network": "https://www.googleapis.com/compute/v1/projects/lucid-volt-428606-v2/global/networks/my-vpc",
            "private_ip_google_access": true,
            "private_ipv6_google_access": "DISABLE_GOOGLE_ACCESS",
            "project": "lucid-volt-428606-v2",
            "purpose": "PRIVATE",
            "region": "us-central1",
            "role": "",
            "secondary_ip_range": [
              {
                "ip_cidr_range": "10.144.0.0/14",
                "range_name": "gke-my-gke-cluster-pods-4f77386e"
              }
            ],
            "self_link": "https://www.googleapis.com/compute/v1/projects/lucid-volt-428606-v2/regions/us-central1/subnetworks/my-subnet",
            "stack_type": "IPV4_ONLY",
            "timeouts": null
          },
          "sensitive_attributes": [],
          "private": "eyJlMmJmYjczMC1lY2FhLTExZTYtOGY4OC0zNDM2M2JjN2M0YzAiOnsiY3JlYXRlIjoxMjAwMDAwMDAwMDAwLCJkZWxldGUiOjEyMDAwMDAwMDAwMDAsInVwZGF0ZSI6MTIwMDAwMDAwMDAwMH19",
          "dependencies": [
            "google_compute_network.my_vpc"
          ]
        }
      ]
    },
    {
      "mode": "managed",
      "type": "google_container_cluster",
      "name": "my-gke",
      "provider": "provider[\"registry.terraform.io/hashicorp/google\"]",
      "instances": [
        {
          "schema_version": 2,
          "attributes": {
            "addons_config": [
              {
                "cloudrun_config": [],
                "config_connector_config": [],
                "dns_cache_config": [],
                "gce_persistent_disk_csi_driver_config": [
                  {
                    "enabled": true
                  }
                ],
                "gcp_filestore_csi_driver_config": [],
                "gcs_fuse_csi_driver_config": [],
                "gke_backup_agent_config": [],
                "horizontal_pod_autoscaling": [],
                "http_load_balancing": [],
                "network_policy_config": [
                  {
                    "disabled": true
                  }
                ],
                "ray_operator_config": [],
                "stateful_ha_config": []
              }
            ],
            "allow_net_admin": null,
            "authenticator_groups_config": [],
            "binary_authorization": [
              {
                "enabled": false,
                "evaluation_mode": ""
              }
            ],
            "cluster_autoscaling": [
              {
                "auto_provisioning_defaults": [],
                "autoscaling_profile": "BALANCED",
                "enabled": false,
                "resource_limits": []
              }
            ],
            "cluster_ipv4_cidr": "10.144.0.0/14",
            "confidential_nodes": [],
            "cost_management_config": [],
            "database_encryption": [
              {
                "key_name": "",
                "state": "DECRYPTED"
              }
            ],
            "datapath_provider": "",
            "default_max_pods_per_node": 110,
            "default_snat_status": [
              {
                "disabled": false
              }
            ],
            "deletion_protection": false,
            "description": "",
            "dns_config": [],
            "enable_autopilot": false,
            "enable_cilium_clusterwide_network_policy": false,
            "enable_intranode_visibility": false,
            "enable_k8s_beta_apis": [],
            "enable_kubernetes_alpha": false,
            "enable_l4_ilb_subsetting": false,
            "enable_legacy_abac": false,
            "enable_multi_networking": false,
            "enable_shielded_nodes": true,
            "enable_tpu": false,
            "endpoint": "34.42.117.199",
            "fleet": [],
            "gateway_api_config": [],
            "id": "projects/lucid-volt-428606-v2/locations/us-central1/clusters/my-gke-cluster",
            "identity_service_config": [],
            "initial_node_count": 1,
            "ip_allocation_policy": [
              {
                "additional_pod_ranges_config": [],
                "cluster_ipv4_cidr_block": "10.144.0.0/14",
                "cluster_secondary_range_name": "gke-my-gke-cluster-pods-4f77386e",
                "pod_cidr_overprovision_config": [
                  {
                    "disabled": false
                  }
                ],
                "services_ipv4_cidr_block": "34.118.224.0/20",
                "services_secondary_range_name": "",
                "stack_type": "IPV4"
              }
            ],
            "label_fingerprint": "a9dc16a7",
            "location": "us-central1",
            "logging_config": [
              {
                "enable_components": [
                  "SYSTEM_COMPONENTS",
                  "WORKLOADS"
                ]
              }
            ],
            "logging_service": "logging.googleapis.com/kubernetes",
            "maintenance_policy": [],
            "master_auth": [
              {
                "client_certificate": "",
                "client_certificate_config": [
                  {
                    "issue_client_certificate": false
                  }
                ],
                "client_key": "",
                "cluster_ca_certificate": "LS0tLS1CRUdJTiBDRVJUSUZJQ0FURS0tLS0tCk1JSUVMVENDQXBXZ0F3SUJBZ0lSQUliaE9MUW5pRzZzYnJ3bE9jVklNNEl3RFFZSktvWklodmNOQVFFTEJRQXcKTHpFdE1Dc0dBMVVFQXhNa05tTmtOelE0TXpjdE1ERTNZUzAwTlRrMkxXSTNNbUl0WlRWaU9UQTNORGRtWkdSbQpNQ0FYRFRJME1EZ3hOekl6TWpneE1sb1lEekl3TlRRd09ERXhNREF5T0RFeVdqQXZNUzB3S3dZRFZRUURFeVEyClkyUTNORGd6Tnkwd01UZGhMVFExT1RZdFlqY3lZaTFsTldJNU1EYzBOMlprWkdZd2dnR2lNQTBHQ1NxR1NJYjMKRFFFQkFRVUFBNElCandBd2dnR0tBb0lCZ1FERGJPSzQ4RlhQdG1WYWRIUWg3TVowUnFBZnF0TndFNzVhQmhYNApHTCtsUjFzS3JtT2MyNXpZbXZBRUdQdThEdGxGUW5wUXprMXAySWxsMGE2NGNMdjNQZ1gwYXJibjlLejY0V0dRCmFHV2VOUm0zK2dFaFAzc25IREhzSGo0Z1RGZzA1dmQyeXZJU2xucUM3UHBIS1UrNURFOUU4ZXpxOGdBcnk3YjkKUzhKTVFTQncrRllvN0VYTTFUYmdCR3V2Zzh3cDlmdUZWcVlYODJWbURnWWYvZ1JuMVRiRThTSEs5S1NXVXpoMQpTbGRSVFJDUkRaUkpaOG5DeEtpTm1uc1BzWVdCVzE2cmREY1JkYjRUTlVlZnF0U3M5dVM2ZDlOVi9XemRyQVFRCnhsbkxvZFpjMlhuSlhYUmxML1ViSnM0eXdoeWdaYnNBQ04zNWxzM2p6c0pDVDU2bVFaWnVhUkc5RlVndDA3aEwKRGMzQitzV2V6Q2Q3am9ja1dWUG9Ka09UK3k3V2JobGRpTVZ5QkhiSGN3K2kxejYxT29XZTFKdG9FRCt6QWJBagpweVNJWjE1ZFI2eEdnL1drdjVnUER0TWpFK1RSdVQ1MkkzVDE5emlxTEorWjZJVVR6K1NRUkU3YlJRUDJ4d2RQCnNNVmVFcGRkYUY4RW9DQzRrbkJLQVVua0NvMENBd0VBQWFOQ01FQXdEZ1lEVlIwUEFRSC9CQVFEQWdJRU1BOEcKQTFVZEV3RUIvd1FGTUFNQkFmOHdIUVlEVlIwT0JCWUVGQ0w1UUEzZjVwVmsyKzJYVnZJVHNpSE83dkx1TUEwRwpDU3FHU0liM0RRRUJDd1VBQTRJQmdRQzF6bEhnbUNRTUFsWm45elB4aktDUFlaNS9lV2paalMyT0VwSy8yTmxUCkJvKzZDckh5UXJsb1FYSFV2YXVRNlF1RStBMHhEY09pSCtyeUhsc1Rzd2JmU2pYUkpWR1VyUmhjM3FEc3lHWkkKTWxJUzdlVjA2RmxrQ3ZtRDBkWFNmMnoxUXR2ZlNEU3VlRmRlTlNrTUttZEhHa2M0Q2hUUiszMHZSdmx2cldySgpuWFZQcHppNkRSb1N3bTFWK0t0bGJBaURmSDBwSzdNSERYRGRhZHhEb0drblpUUjhPNE8xMjIzeTJmaFZVdERlCjZaVE9rSHhlNUNpYmhvYzFwV1dHT1JNdzlzODhTU0M3VjNWd2hlWTltdCtFbGRuWFZkbEo1MzlTblc4YXFmNSsKbW56TURVNUlueXRDRm1TVlhzUXZwb2VFcEh2OC9nZHEvQWp3b0pZb3ZDaGYzUldlU0t6ZWdGVFdkWkgvdXhBawo0ejN6K1ErdVFDenpYYW9pQTlQdkZKbFdVeEdpVytTSHdQMklOSzVpL0pmZ2NZTFZRcHNITGw3K29EWVNEUVhwCk8yZ2hWYzdDVENRT080VUg0a0dZMXpoMFlaOTFIVnFqUm5pVm5RWjc1SE12YjEraHFqQmtpYmFVRVZxaFExcXMKbS9WbUlVVHpiaGpGamFENUFDdmNjd2c9Ci0tLS0tRU5EIENFUlRJRklDQVRFLS0tLS0K"
              }
            ],
            "master_authorized_networks_config": [],
            "master_version": "1.29.8-gke.1031000",
            "mesh_certificates": [],
            "min_master_version": null,
            "monitoring_config": [
              {
                "advanced_datapath_observability_config": [
                  {
                    "enable_metrics": false,
                    "enable_relay": false,
                    "relay_mode": "DISABLED"
                  }
                ],
                "enable_components": [
                  "SYSTEM_COMPONENTS",
                  "STATEFULSET",
                  "STORAGE",
                  "HPA",
                  "POD",
                  "DAEMONSET",
                  "DEPLOYMENT",
                  "CADVISOR",
                  "KUBELET"
                ],
                "managed_prometheus": [
                  {
                    "enabled": true
                  }
                ]
              }
            ],
            "monitoring_service": "monitoring.googleapis.com/kubernetes",
            "name": "my-gke-cluster",
            "network": "projects/lucid-volt-428606-v2/global/networks/my-vpc",
            "network_policy": [
              {
                "enabled": false,
                "provider": "PROVIDER_UNSPECIFIED"
              }
            ],
            "networking_mode": "VPC_NATIVE",
            "node_config": [
              {
                "advanced_machine_features": [],
                "boot_disk_kms_key": "",
                "confidential_nodes": [],
                "containerd_config": [],
                "disk_size_gb": 15,
                "disk_type": "pd-balanced",
                "effective_taints": [],
                "enable_confidential_storage": false,
                "ephemeral_storage_local_ssd_config": [],
                "fast_socket": [],
                "gcfs_config": [],
                "guest_accelerator": [],
                "gvnic": [],
                "host_maintenance_policy": [],
                "image_type": "COS_CONTAINERD",
                "kubelet_config": [],
                "labels": {},
                "linux_node_config": [],
                "local_nvme_ssd_block_config": [],
                "local_ssd_count": 0,
                "logging_variant": "DEFAULT",
                "machine_type": "e2-medium",
                "metadata": {
                  "disable-legacy-endpoints": "true"
                },
                "min_cpu_platform": "",
                "node_group": "",
                "oauth_scopes": [
                  "https://www.googleapis.com/auth/cloud-platform"
                ],
                "preemptible": false,
                "reservation_affinity": [],
                "resource_labels": {},
                "resource_manager_tags": {},
                "secondary_boot_disks": [],
                "service_account": "default",
                "shielded_instance_config": [
                  {
                    "enable_integrity_monitoring": true,
                    "enable_secure_boot": false
                  }
                ],
                "sole_tenant_config": [],
                "spot": false,
                "tags": [],
                "taint": [],
                "workload_metadata_config": []
              }
            ],
            "node_locations": [
              "us-central1-a",
              "us-central1-b",
              "us-central1-f"
            ],
            "node_pool": [
              {
                "autoscaling": [],
                "initial_node_count": 1,
                "instance_group_urls": [
                  "https://www.googleapis.com/compute/v1/projects/lucid-volt-428606-v2/zones/us-central1-a/instanceGroupManagers/gke-my-gke-cluster-my-node-pool-8db668e9-grp",
                  "https://www.googleapis.com/compute/v1/projects/lucid-volt-428606-v2/zones/us-central1-b/instanceGroupManagers/gke-my-gke-cluster-my-node-pool-e87c8200-grp",
                  "https://www.googleapis.com/compute/v1/projects/lucid-volt-428606-v2/zones/us-central1-f/instanceGroupManagers/gke-my-gke-cluster-my-node-pool-97052a59-grp"
                ],
                "managed_instance_group_urls": [
                  "https://www.googleapis.com/compute/v1/projects/lucid-volt-428606-v2/zones/us-central1-a/instanceGroups/gke-my-gke-cluster-my-node-pool-8db668e9-grp",
                  "https://www.googleapis.com/compute/v1/projects/lucid-volt-428606-v2/zones/us-central1-b/instanceGroups/gke-my-gke-cluster-my-node-pool-e87c8200-grp",
                  "https://www.googleapis.com/compute/v1/projects/lucid-volt-428606-v2/zones/us-central1-f/instanceGroups/gke-my-gke-cluster-my-node-pool-97052a59-grp"
                ],
                "management": [
                  {
                    "auto_repair": true,
                    "auto_upgrade": true
                  }
                ],
                "max_pods_per_node": 110,
                "name": "my-node-pool",
                "name_prefix": "",
                "network_config": [
                  {
                    "additional_node_network_configs": [],
                    "additional_pod_network_configs": [],
                    "create_pod_range": false,
                    "enable_private_nodes": false,
                    "network_performance_config": [],
                    "pod_cidr_overprovision_config": [],
                    "pod_ipv4_cidr_block": "10.144.0.0/14",
                    "pod_range": "gke-my-gke-cluster-pods-4f77386e"
                  }
                ],
                "node_config": [
                  {
                    "advanced_machine_features": [],
                    "boot_disk_kms_key": "",
                    "confidential_nodes": [],
                    "containerd_config": [],
                    "disk_size_gb": 15,
                    "disk_type": "pd-balanced",
                    "effective_taints": [],
                    "enable_confidential_storage": false,
                    "ephemeral_storage_local_ssd_config": [],
                    "fast_socket": [],
                    "gcfs_config": [],
                    "guest_accelerator": [],
                    "gvnic": [],
                    "host_maintenance_policy": [],
                    "image_type": "COS_CONTAINERD",
                    "kubelet_config": [],
                    "labels": {},
                    "linux_node_config": [],
                    "local_nvme_ssd_block_config": [],
                    "local_ssd_count": 0,
                    "logging_variant": "DEFAULT",
                    "machine_type": "e2-medium",
                    "metadata": {
                      "disable-legacy-endpoints": "true"
                    },
                    "min_cpu_platform": "",
                    "node_group": "",
                    "oauth_scopes": [
                      "https://www.googleapis.com/auth/cloud-platform"
                    ],
                    "preemptible": false,
                    "reservation_affinity": [],
                    "resource_labels": {},
                    "resource_manager_tags": {},
                    "secondary_boot_disks": [],
                    "service_account": "default",
                    "shielded_instance_config": [
                      {
                        "enable_integrity_monitoring": true,
                        "enable_secure_boot": false
                      }
                    ],
                    "sole_tenant_config": [],
                    "spot": false,
                    "tags": [],
                    "taint": [],
                    "workload_metadata_config": []
                  }
                ],
                "node_count": 1,
                "node_locations": [
                  "us-central1-a",
                  "us-central1-b",
                  "us-central1-f"
                ],
                "placement_policy": [],
                "queued_provisioning": [],
                "upgrade_settings": [
                  {
                    "blue_green_settings": [],
                    "max_surge": 1,
                    "max_unavailable": 0,
                    "strategy": "SURGE"
                  }
                ],
                "version": "1.29.7-gke.1104000"
              }
            ],
            "node_pool_auto_config": [],
            "node_pool_defaults": [
              {
                "node_config_defaults": [
                  {
                    "containerd_config": [],
                    "logging_variant": "DEFAULT"
                  }
                ]
              }
            ],
            "node_version": "1.29.7-gke.1104000",
            "notification_config": [
              {
                "pubsub": [
                  {
                    "enabled": false,
                    "filter": [],
                    "topic": ""
                  }
                ]
              }
            ],
            "operation": null,
            "private_cluster_config": [
              {
                "enable_private_endpoint": false,
                "enable_private_nodes": false,
                "master_global_access_config": [
                  {
                    "enabled": false
                  }
                ],
                "master_ipv4_cidr_block": "",
                "peering_name": "",
                "private_endpoint": "10.0.0.2",
                "private_endpoint_subnetwork": "",
                "public_endpoint": "34.42.117.199"
              }
            ],
            "private_ipv6_google_access": "",
            "project": "lucid-volt-428606-v2",
            "release_channel": [
              {
                "channel": "REGULAR"
              }
            ],
            "remove_default_node_pool": true,
            "resource_labels": {},
            "resource_usage_export_config": [],
            "security_posture_config": [
              {
                "mode": "BASIC",
                "vulnerability_mode": "VULNERABILITY_MODE_UNSPECIFIED"
              }
            ],
            "self_link": "https://container.googleapis.com/v1/projects/lucid-volt-428606-v2/locations/us-central1/clusters/my-gke-cluster",
            "service_external_ips_config": [
              {
                "enabled": false
              }
            ],
            "services_ipv4_cidr": "34.118.224.0/20",
            "subnetwork": "projects/lucid-volt-428606-v2/regions/us-central1/subnetworks/my-subnet",
            "timeouts": null,
            "tpu_ipv4_cidr_block": "",
            "vertical_pod_autoscaling": [],
            "workload_identity_config": []
          },
          "sensitive_attributes": [],
          "private": "eyJlMmJmYjczMC1lY2FhLTExZTYtOGY4OC0zNDM2M2JjN2M0YzAiOnsiY3JlYXRlIjoyNDAwMDAwMDAwMDAwLCJkZWxldGUiOjI0MDAwMDAwMDAwMDAsInJlYWQiOjI0MDAwMDAwMDAwMDAsInVwZGF0ZSI6MzYwMDAwMDAwMDAwMH0sInNjaGVtYV92ZXJzaW9uIjoiMiJ9",
          "dependencies": [
            "google_compute_network.my_vpc",
            "google_compute_subnetwork.my_subnet"
          ]
        }
      ]
    },
    {
      "mode": "managed",
      "type": "google_container_node_pool",
      "name": "external_node_pool",
      "provider": "provider[\"registry.terraform.io/hashicorp/google\"]",
      "instances": [
        {
          "schema_version": 1,
          "attributes": {
            "autoscaling": [],
            "cluster": "my-gke-cluster",
            "id": "projects/lucid-volt-428606-v2/locations/us-central1/clusters/my-gke-cluster/nodePools/my-node-pool",
            "initial_node_count": 1,
            "instance_group_urls": [
              "https://www.googleapis.com/compute/v1/projects/lucid-volt-428606-v2/zones/us-central1-a/instanceGroupManagers/gke-my-gke-cluster-my-node-pool-8db668e9-grp",
              "https://www.googleapis.com/compute/v1/projects/lucid-volt-428606-v2/zones/us-central1-b/instanceGroupManagers/gke-my-gke-cluster-my-node-pool-e87c8200-grp",
              "https://www.googleapis.com/compute/v1/projects/lucid-volt-428606-v2/zones/us-central1-f/instanceGroupManagers/gke-my-gke-cluster-my-node-pool-97052a59-grp"
            ],
            "location": "us-central1",
            "managed_instance_group_urls": [
              "https://www.googleapis.com/compute/v1/projects/lucid-volt-428606-v2/zones/us-central1-a/instanceGroups/gke-my-gke-cluster-my-node-pool-8db668e9-grp",
              "https://www.googleapis.com/compute/v1/projects/lucid-volt-428606-v2/zones/us-central1-b/instanceGroups/gke-my-gke-cluster-my-node-pool-e87c8200-grp",
              "https://www.googleapis.com/compute/v1/projects/lucid-volt-428606-v2/zones/us-central1-f/instanceGroups/gke-my-gke-cluster-my-node-pool-97052a59-grp"
            ],
            "management": [
              {
                "auto_repair": true,
                "auto_upgrade": true
              }
            ],
            "max_pods_per_node": 110,
            "name": "my-node-pool",
            "name_prefix": "",
            "network_config": [
              {
                "additional_node_network_configs": [],
                "additional_pod_network_configs": [],
                "create_pod_range": false,
                "enable_private_nodes": false,
                "network_performance_config": [],
                "pod_cidr_overprovision_config": [],
                "pod_ipv4_cidr_block": "10.144.0.0/14",
                "pod_range": "gke-my-gke-cluster-pods-4f77386e"
              }
            ],
            "node_config": [
              {
                "advanced_machine_features": [],
                "boot_disk_kms_key": "",
                "confidential_nodes": [],
                "containerd_config": [],
                "disk_size_gb": 15,
                "disk_type": "pd-balanced",
                "effective_taints": [],
                "enable_confidential_storage": false,
                "ephemeral_storage_local_ssd_config": [],
                "fast_socket": [],
                "gcfs_config": [],
                "guest_accelerator": [],
                "gvnic": [],
                "host_maintenance_policy": [],
                "image_type": "COS_CONTAINERD",
                "kubelet_config": [],
                "labels": {},
                "linux_node_config": [],
                "local_nvme_ssd_block_config": [],
                "local_ssd_count": 0,
                "logging_variant": "DEFAULT",
                "machine_type": "e2-medium",
                "metadata": {
                  "disable-legacy-endpoints": "true"
                },
                "min_cpu_platform": "",
                "node_group": "",
                "oauth_scopes": [
                  "https://www.googleapis.com/auth/cloud-platform"
                ],
                "preemptible": false,
                "reservation_affinity": [],
                "resource_labels": {},
                "resource_manager_tags": {},
                "secondary_boot_disks": [],
                "service_account": "default",
                "shielded_instance_config": [
                  {
                    "enable_integrity_monitoring": true,
                    "enable_secure_boot": false
                  }
                ],
                "sole_tenant_config": [],
                "spot": false,
                "tags": [],
                "taint": [],
                "workload_metadata_config": []
              }
            ],
            "node_count": 1,
            "node_locations": [
              "us-central1-a",
              "us-central1-b",
              "us-central1-f"
            ],
            "operation": null,
            "placement_policy": [],
            "project": "lucid-volt-428606-v2",
            "queued_provisioning": [],
            "timeouts": null,
            "upgrade_settings": [
              {
                "blue_green_settings": [],
                "max_surge": 1,
                "max_unavailable": 0,
                "strategy": "SURGE"
              }
            ],
            "version": "1.29.7-gke.1104000"
          },
          "sensitive_attributes": [],
          "private": "eyJlMmJmYjczMC1lY2FhLTExZTYtOGY4OC0zNDM2M2JjN2M0YzAiOnsiY3JlYXRlIjoxODAwMDAwMDAwMDAwLCJkZWxldGUiOjE4MDAwMDAwMDAwMDAsInVwZGF0ZSI6MTgwMDAwMDAwMDAwMH0sInNjaGVtYV92ZXJzaW9uIjoiMSJ9",
          "dependencies": [
            "google_compute_network.my_vpc",
            "google_compute_subnetwork.my_subnet",
            "google_container_cluster.my-gke"
          ]
        }
      ]
    },
    {
      "mode": "managed",
      "type": "google_project_iam_member",
      "name": "role-for-sql-sa",
      "provider": "provider[\"registry.terraform.io/hashicorp/google\"]",
      "instances": [
        {
          "schema_version": 0,
          "attributes": {
            "condition": [],
            "etag": "BwYiP1BgrS4=",
            "id": "lucid-volt-428606-v2/roles/cloudsql.admin/serviceAccount:sql-sa@lucid-volt-428606-v2.iam.gserviceaccount.com",
            "member": "serviceAccount:sql-sa@lucid-volt-428606-v2.iam.gserviceaccount.com",
            "project": "lucid-volt-428606-v2",
            "role": "roles/cloudsql.admin"
          },
          "sensitive_attributes": [],
          "private": "bnVsbA==",
          "dependencies": [
            "google_service_account.sa"
          ]
        }
      ]
    },
    {
      "mode": "managed",
      "type": "google_service_account",
      "name": "sa",
      "provider": "provider[\"registry.terraform.io/hashicorp/google\"]",
      "instances": [
        {
          "schema_version": 0,
          "attributes": {
            "account_id": "sql-sa",
            "create_ignore_already_exists": null,
            "description": "",
            "disabled": false,
            "display_name": "sql-sa",
            "email": "sql-sa@lucid-volt-428606-v2.iam.gserviceaccount.com",
            "id": "projects/lucid-volt-428606-v2/serviceAccounts/sql-sa@lucid-volt-428606-v2.iam.gserviceaccount.com",
            "member": "serviceAccount:sql-sa@lucid-volt-428606-v2.iam.gserviceaccount.com",
            "name": "projects/lucid-volt-428606-v2/serviceAccounts/sql-sa@lucid-volt-428606-v2.iam.gserviceaccount.com",
            "project": "lucid-volt-428606-v2",
            "timeouts": null,
            "unique_id": "100822903651291186314"
          },
          "sensitive_attributes": [],
          "private": "eyJlMmJmYjczMC1lY2FhLTExZTYtOGY4OC0zNDM2M2JjN2M0YzAiOnsiY3JlYXRlIjozMDAwMDAwMDAwMDB9fQ=="
        }
      ]
    },
    {
      "mode": "managed",
      "type": "google_service_account_key",
      "name": "sql-sa-key",
      "provider": "provider[\"registry.terraform.io/hashicorp/google\"]",
      "instances": [
        {
          "schema_version": 0,
          "attributes": {
            "id": "projects/lucid-volt-428606-v2/serviceAccounts/sql-sa@lucid-volt-428606-v2.iam.gserviceaccount.com/keys/42560ad82d8559e4d4e6fe21b81384443ff328af",
            "keepers": null,
            "key_algorithm": "KEY_ALG_RSA_2048",
            "name": "projects/lucid-volt-428606-v2/serviceAccounts/sql-sa@lucid-volt-428606-v2.iam.gserviceaccount.com/keys/42560ad82d8559e4d4e6fe21b81384443ff328af",
            "private_key": "ewogICJ0eXBlIjogInNlcnZpY2VfYWNjb3VudCIsCiAgInByb2plY3RfaWQiOiAibHVjaWQtdm9sdC00Mjg2MDYtdjIiLAogICJwcml2YXRlX2tleV9pZCI6ICI0MjU2MGFkODJkODU1OWU0ZDRlNmZlMjFiODEzODQ0NDNmZjMyOGFmIiwKICAicHJpdmF0ZV9rZXkiOiAiLS0tLS1CRUdJTiBQUklWQVRFIEtFWS0tLS0tXG5NSUlFdmdJQkFEQU5CZ2txaGtpRzl3MEJBUUVGQUFTQ0JLZ3dnZ1NrQWdFQUFvSUJBUUNkL2g2TEM2YUh1TzRKXG5aTFozY1Y3RzNtZDU3blNBb09ndWc3STE0T1JIRUtWTlpxYXMrNnd5VlJUcXg2OEVoWWdaQmFKMG1VUjh4NEo5XG5nK29xY1JkNjBJdzhRN3RWaFZYK0hocDBrMGJ5RWZKTmd4dEs2eFl1QVl5aDJnWStKUXNCZzFUOUwvM2tMZS9FXG5OTnVlYlpHckRxNVhzaVMvMFdvbzE2b3BaNkJBbFJEaHNKU2JSNkJyS0hqd1hFUk5sbG1kOU5RanBXQVlZaEkvXG5QWVNqWU9GWjM0Qm02NDNTWHlnQmRySlBubE9sa2IvTWVWaEgwODVWVEsveWlZaWxEN2ZweWFSS01ObWhQV0d4XG5vNFJrdWJDblk5SHpncU9DWnJZb2p5UWxFaWF2RDE0YXQzbzFTZUQ0SVVSOWV2cUpFYUJ0bVBsZmYzcEc3Nk5HXG4xdlhqYkdzTEFnTUJBQUVDZ2dFQUdTd3J5S0twWjFiVWZQbW5jRE55S0M4TS96L2t5YmtaYW82QUhwWi9qZXBvXG5pVmhjSVJQbzZveTZJWjJCZjFwdWhmSVZ0cmNwZlg5azJwa01mbDVPSVRySXhUSCtKSkR6S1EyNTBGakdMOUVpXG5ob0s4OC94WWZkUmJDRTlPWkZOa1JBV2RUUjU2NDRLd0s0RHlmRXBmMndoMzh3VmNBVUNkUmZiMVVvQ0RaMnZqXG5TOFBSbDhOajk3SnlIdVV4VnRJeDhRNlhkME5XWU9wUkxPM3lhV1QxUXYzT2cyMEc3RUh3YXhmVVZ5UDRhVHJ2XG40RXJrR3lXR3d2TERDbFJTclQzY28vVEtWT3VGRTNoYjNQTnhnTDhzeWQ2SzJRLyt1dXE1Q0ZyK1dBZXFycUNYXG5iaFF6cFNYOXJWVCtHT3ZNck5qNDV5WUdWYkZTaWpmRzEwaDBvQllhd1FLQmdRRE83TE5FdmxLNU5LTHBHd0J4XG5nejd1OVFpdFV4V1F6c0swb1dDdXVVNEEvYmVUbXd4NjZrYXM5Uk54cDBCelNxLzVHN0tLV0xZeFhHeFlkbCtHXG52SEhGZTEwc1lmUmxxY0lxM3pDVXhKS0VRRTN6cnJuYUcrN3lWeEc1QjRtRXc1L2cralVIc1ZFWk14d1lxZmhSXG5Wd2JCWjVHSG1CQzdXVjVIYXBOWEREa053UUtCZ1FERGRvdW82UHVIZ0Y5WVBNVlpucm10Yi9ZRjdNZ0N6SjUxXG4zclRjWHNma1l0UzlUa2QzUTF2TXBMdWYrTEF5eG9TekgrYUQ2S2tTSllkcVpjQTk4YzVFc3A1by8vbmh3K3VJXG5uRTcxZExlYTNiQitoelEvc1JYMDNjU2hjckpRWUx1OUZUMnFCRml2b1FlT0hiVjJIWUtZeFpuTlFnMnVyQ0lKXG4vRFhjVXRWRHl3S0JnUUNRZjBCTWYrOTZmNlJIemVCSVpGTmRRT1ZYUzg2aWVaQUQzVEdMc2NFajlnanMzWGdnXG5tVnJUU3F6U1QrNDAxSElBTGZSR29kNVFwKzdNODVTUG5TYUJ0ajBCVWtIOWdFY2o4d21VeVpSYklDQ1BTM05qXG5PT0JxZ0p6U3JjMjlWWEpmQTdwbWJjOXBIb1MvUUdvME91WnZ4bWdjM1BiS0xZVWxyK25GL3JZVXdRS0JnQnBzXG53RnpKZ3BmREJ5REt0bk56UGU3d24vWVZHTVVvSEpRYTA2Q25QNmJrcFpZaUt3ODRrQVNPa0w4RHcrNVpZRDlIXG5KTWJZZ1dMdXArditiWXJ5VWN4L3lXS3dtSHVwSFFLTy95MjM1Y3FPQmZwVkZQODNWWnlSRHJBMDdWNW9kWGtPXG5raE9XR3RkRGtkM29ya3VWbWI1Rm1KRmpTSzVBbnlseWEyV3AzU01aQW9HQkFKSk0veXVZRnJCYUtwKys5blpKXG45ODBTWmNnOVJncDdXL2dNakR2cGJib2ladHUyNCt3Y2tPMGp1SUhqVll1cysrU1pVNlB4VG5Wak40aGhjcGc0XG5mY29IbWExcEdXK20ybW1ZOEdDTVcyNGFXeCtUTlI1MGIwZGxqM0dobkpOcFhKNW1FZHV0cFFuV1doc1ZzKzl2XG50V1VJbG9OTm1XM3pHRktTRnYrOEJoWWdcbi0tLS0tRU5EIFBSSVZBVEUgS0VZLS0tLS1cbiIsCiAgImNsaWVudF9lbWFpbCI6ICJzcWwtc2FAbHVjaWQtdm9sdC00Mjg2MDYtdjIuaWFtLmdzZXJ2aWNlYWNjb3VudC5jb20iLAogICJjbGllbnRfaWQiOiAiMTAwODIyOTAzNjUxMjkxMTg2MzE0IiwKICAiYXV0aF91cmkiOiAiaHR0cHM6Ly9hY2NvdW50cy5nb29nbGUuY29tL28vb2F1dGgyL2F1dGgiLAogICJ0b2tlbl91cmkiOiAiaHR0cHM6Ly9vYXV0aDIuZ29vZ2xlYXBpcy5jb20vdG9rZW4iLAogICJhdXRoX3Byb3ZpZGVyX3g1MDlfY2VydF91cmwiOiAiaHR0cHM6Ly93d3cuZ29vZ2xlYXBpcy5jb20vb2F1dGgyL3YxL2NlcnRzIiwKICAiY2xpZW50X3g1MDlfY2VydF91cmwiOiAiaHR0cHM6Ly93d3cuZ29vZ2xlYXBpcy5jb20vcm9ib3QvdjEvbWV0YWRhdGEveDUwOS9zcWwtc2ElNDBsdWNpZC12b2x0LTQyODYwNi12Mi5pYW0uZ3NlcnZpY2VhY2NvdW50LmNvbSIsCiAgInVuaXZlcnNlX2RvbWFpbiI6ICJnb29nbGVhcGlzLmNvbSIKfQo=",
            "private_key_type": "TYPE_GOOGLE_CREDENTIALS_FILE",
            "public_key": "LS0tLS1CRUdJTiBDRVJUSUZJQ0FURS0tLS0tCk1JSUMvVENDQWVXZ0F3SUJBZ0lKQUo2MjBaSm5QdEExTUEwR0NTcUdTSWIzRFFFQkJRVUFNQ0F4SGpBY0JnTlYKQkFNTUZURXdNRGd5TWprd016WTFNVEk1TVRFNE5qTXhOREFnRncweU5EQTVNVGt4TnpBeU1ESmFHQTg1T1RrNQpNVEl6TVRJek5UazFPVm93SURFZU1Cd0dBMVVFQXd3Vk1UQXdPREl5T1RBek5qVXhNamt4TVRnMk16RTBNSUlCCklqQU5CZ2txaGtpRzl3MEJBUUVGQUFPQ0FROEFNSUlCQ2dLQ0FRRUFuZjRlaXd1bWg3anVDV1MyZDNGZXh0NW4KZWU1MGdLRG9Mb095TmVEa1J4Q2xUV2FtclB1c01sVVU2c2V2QklXSUdRV2lkSmxFZk1lQ2ZZUHFLbkVYZXRDTQpQRU83VllWVi9oNGFkSk5HOGhIeVRZTWJTdXNXTGdHTW9kb0dQaVVMQVlOVS9TLzk1QzN2eERUYm5tMlJxdzZ1ClY3SWt2OUZxS05lcUtXZWdRSlVRNGJDVW0wZWdheWg0OEZ4RVRaWlpuZlRVSTZWZ0dHSVNQejJFbzJEaFdkK0EKWnV1TjBsOG9BWGF5VDU1VHBaRy96SGxZUjlQT1ZVeXY4b21JcFErMzZjbWtTakRab1QxaHNhT0VaTG13cDJQUgo4NEtqZ21hMktJOGtKUkltcnc5ZUdyZDZOVW5nK0NGRWZYcjZpUkdnYlpqNVgzOTZSdStqUnRiMTQyeHJDd0lECkFRQUJvemd3TmpBTUJnTlZIUk1CQWY4RUFqQUFNQTRHQTFVZER3RUIvd1FFQXdJSGdEQVdCZ05WSFNVQkFmOEUKRERBS0JnZ3JCZ0VGQlFjREFqQU5CZ2txaGtpRzl3MEJBUVVGQUFPQ0FRRUFmU2FaMklkazlUekFNcXVXUitnTgpybmhRM2hUOFo1RHpaMGRCaURtczUvUmxEZ0pjcUVrKzFTaHgyVnJJZStiM2twd2t3TlZuaVNiSndoQ2xJczYwCnE0UkRiekxrQ0VONi9LYkNVd1BEakZlVzdmaHl0eWhzZ3diUEh1ajlsbkRWVFFGZU9YZkZSUkdjYnoyZFhHUG8KWi8xemRIQ1Mrd0FwdURDNnUvTzFQVDQvYVBBZUdtMDZhWFFZczhrS1lkOW8rcmVIMWlLVXd2RUoxSm9JREpvWgpUSXNYcXNDenFqcktDYkZWd1JFZFFkN0lBd0x0UGkwdUhlSERLN3JmNWRnajVWYjJKVTlzVkJpOEFpbjd3WSszCnpWck55Y1EzS2N2N3VpNnQybTVYSThaWEVZUG9CaWpjcFRYQzNZSUNvSkNpMVY4amF1K25xN0hRKzRRb0VCVm8Kanc9PQotLS0tLUVORCBDRVJUSUZJQ0FURS0tLS0tCg==",
            "public_key_data": null,
            "public_key_type": "TYPE_X509_PEM_FILE",
            "service_account_id": "projects/lucid-volt-428606-v2/serviceAccounts/sql-sa@lucid-volt-428606-v2.iam.gserviceaccount.com",
            "valid_after": "2024-09-19T17:02:02Z",
            "valid_before": "9999-12-31T23:59:59Z"
          },
          "sensitive_attributes": [],
          "private": "bnVsbA==",
          "dependencies": [
            "google_service_account.sa"
          ]
        }
      ]
    },
    {
      "mode": "managed",
      "type": "google_sql_database",
      "name": "database",
      "provider": "provider[\"registry.terraform.io/hashicorp/google\"]",
      "instances": [
        {
          "schema_version": 0,
          "attributes": {
            "charset": "UTF8",
            "collation": "en_US.UTF8",
            "deletion_policy": "DELETE",
            "id": "projects/lucid-volt-428606-v2/instances/my-database-instance/databases/my-database",
            "instance": "my-database-instance",
            "name": "my-database",
            "project": "lucid-volt-428606-v2",
            "self_link": "https://sqladmin.googleapis.com/sql/v1beta4/projects/lucid-volt-428606-v2/instances/my-database-instance/databases/my-database",
            "timeouts": null
          },
          "sensitive_attributes": [],
          "private": "eyJlMmJmYjczMC1lY2FhLTExZTYtOGY4OC0zNDM2M2JjN2M0YzAiOnsiY3JlYXRlIjoxMjAwMDAwMDAwMDAwLCJkZWxldGUiOjEyMDAwMDAwMDAwMDAsInVwZGF0ZSI6MTIwMDAwMDAwMDAwMH19",
          "dependencies": [
            "google_sql_database_instance.instance"
          ]
        }
      ]
    },
    {
      "mode": "managed",
      "type": "google_sql_database_instance",
      "name": "instance",
      "provider": "provider[\"registry.terraform.io/hashicorp/google\"]",
      "instances": [
        {
          "schema_version": 0,
          "attributes": {
            "available_maintenance_versions": [],
            "clone": [],
            "connection_name": "lucid-volt-428606-v2:us-central1:my-database-instance",
            "database_version": "POSTGRES_15",
            "deletion_protection": false,
            "dns_name": "",
            "encryption_key_name": null,
            "first_ip_address": "34.46.239.73",
            "id": "my-database-instance",
            "instance_type": "CLOUD_SQL_INSTANCE",
            "ip_address": [
              {
                "ip_address": "34.46.239.73",
                "time_to_retire": "",
                "type": "PRIMARY"
              },
              {
                "ip_address": "34.173.239.92",
                "time_to_retire": "",
                "type": "OUTGOING"
              }
            ],
            "maintenance_version": "POSTGRES_15_7.R20240514.00_12",
            "master_instance_name": "",
            "name": "my-database-instance",
            "private_ip_address": "",
            "project": "lucid-volt-428606-v2",
            "psc_service_attachment_link": "",
            "public_ip_address": "34.46.239.73",
            "region": "us-central1",
            "replica_configuration": [],
            "restore_backup_context": [],
            "root_password": null,
            "self_link": "https://sqladmin.googleapis.com/sql/v1beta4/projects/lucid-volt-428606-v2/instances/my-database-instance",
            "server_ca_cert": [
              {
                "cert": "-----BEGIN CERTIFICATE-----\nMIIDfzCCAmegAwIBAgIBADANBgkqhkiG9w0BAQsFADB3MS0wKwYDVQQuEyRiYWJj\nMTJkMC1iMGFjLTRlZGQtOWRkOC1mNTFiY2Q3NmNhMDkxIzAhBgNVBAMTGkdvb2ds\nZSBDbG91ZCBTUUwgU2VydmVyIENBMRQwEgYDVQQKEwtHb29nbGUsIEluYzELMAkG\nA1UEBhMCVVMwHhcNMjQwOTExMTYwMTE2WhcNMzQwOTA5MTYwMjE2WjB3MS0wKwYD\nVQQuEyRiYWJjMTJkMC1iMGFjLTRlZGQtOWRkOC1mNTFiY2Q3NmNhMDkxIzAhBgNV\nBAMTGkdvb2dsZSBDbG91ZCBTUUwgU2VydmVyIENBMRQwEgYDVQQKEwtHb29nbGUs\nIEluYzELMAkGA1UEBhMCVVMwggEiMA0GCSqGSIb3DQEBAQUAA4IBDwAwggEKAoIB\nAQDkR3prUVoPXY2XNETwOjx7WdXkX3THVb/usxcTOnCqmTfrrKb+u+sE3wWlCexs\nsnUCPlgJxRrfsg920z7HQ9VNwl73eoW0pYDRJdM0cNOitwxSbYo8RwY4XTPltGig\nj55R3q4nfNbF15f2+wR0riakGQfq7Hktsp9DXiHCYF411R4603AuaGEixbWfrMgs\nbZUizDtL8dBpByIHBnDfz1rb/3zhgH+aj/XTry1rpiQeT65rFwrsPaLtqPdunfpU\n019S3qcaj3wxJ/Wk77QTHnknGud2Cc5AewmCEvfSWC0urXK2klifrTZc82TpKhmw\n6xdG4xO3ywUrYtYc7ehHNx+pAgMBAAGjFjAUMBIGA1UdEwEB/wQIMAYBAf8CAQAw\nDQYJKoZIhvcNAQELBQADggEBAAJD5ugsfnC4BYUe/IeqiazyX/nSOGdq60V92pt9\nSqdNDWT0T3DNpvnpV1aaQpKGSnJhJVCc4lbVzESrMEZjcgyMl+LhqAgMGGxbMmJe\nMb+hw2SlSyCeiJuZw84KlTtwEG2TH67YmZC9yG08N1ozT0A8p+rhzDtQyQ0vEXvT\nuMQF+Hj5lHGmKYlqntNoc57ZxO3do6wfCJzTbrb2nGbfm5R3YKlCYa38lWMtBVWM\nM2oer4PVsZ4KCQ6k+zmCmgHQ+MmUKS1IRW89s2LdcXrsMb+DKiOVJTVZWOkGmY/j\njkdlfKJxaMJ6wgQhsc48x40O13sTW9MwbOsdQaujfKH/2PU=\n-----END CERTIFICATE-----",
                "common_name": "C=US,O=Google\\, Inc,CN=Google Cloud SQL Server CA,dnQualifier=babc12d0-b0ac-4edd-9dd8-f51bcd76ca09",
                "create_time": "2024-09-11T16:01:16.159Z",
                "expiration_time": "2034-09-09T16:02:16.159Z",
                "sha1_fingerprint": "a74931cd5e229cb2cf2ccf2fbb86219a613d7ee3"
              }
            ],
            "service_account_email_address": "p970049930065-fommzr@gcp-sa-cloud-sql.iam.gserviceaccount.com",
            "settings": [
              {
                "activation_policy": "ALWAYS",
                "active_directory_config": [],
                "advanced_machine_features": [],
                "availability_type": "ZONAL",
                "backup_configuration": [
                  {
                    "backup_retention_settings": [
                      {
                        "retained_backups": 7,
                        "retention_unit": "COUNT"
                      }
                    ],
                    "binary_log_enabled": false,
                    "enabled": false,
                    "location": "",
                    "point_in_time_recovery_enabled": false,
                    "start_time": "10:00",
                    "transaction_log_retention_days": 7
                  }
                ],
                "collation": "",
                "connector_enforcement": "NOT_REQUIRED",
                "data_cache_config": [],
                "database_flags": [],
                "deletion_protection_enabled": false,
                "deny_maintenance_period": [],
                "disk_autoresize": true,
                "disk_autoresize_limit": 0,
                "disk_size": 10,
                "disk_type": "PD_SSD",
                "edition": "ENTERPRISE",
                "enable_dataplex_integration": false,
                "enable_google_ml_integration": false,
                "insights_config": [],
                "ip_configuration": [
                  {
                    "allocated_ip_range": "",
                    "authorized_networks": [],
                    "enable_private_path_for_google_cloud_services": false,
                    "ipv4_enabled": true,
                    "private_network": "",
                    "psc_config": [],
                    "require_ssl": false,
                    "ssl_mode": ""
                  }
                ],
                "location_preference": [
                  {
                    "follow_gae_application": "",
                    "secondary_zone": "",
                    "zone": "us-central1-f"
                  }
                ],
                "maintenance_window": [],
                "password_validation_policy": [],
                "pricing_plan": "PER_USE",
                "sql_server_audit_config": [],
                "tier": "db-f1-micro",
                "time_zone": "",
                "user_labels": {},
                "version": 4
              }
            ],
            "timeouts": null
          },
          "sensitive_attributes": [],
          "private": "eyJlMmJmYjczMC1lY2FhLTExZTYtOGY4OC0zNDM2M2JjN2M0YzAiOnsiY3JlYXRlIjo1NDAwMDAwMDAwMDAwLCJkZWxldGUiOjU0MDAwMDAwMDAwMDAsInVwZGF0ZSI6NTQwMDAwMDAwMDAwMH19"
        }
      ]
    },
    {
      "mode": "managed",
      "type": "google_sql_user",
      "name": "sql-user",
      "provider": "provider[\"registry.terraform.io/hashicorp/google\"]",
      "instances": [
        {
          "schema_version": 1,
          "attributes": {
            "deletion_policy": null,
            "host": "",
            "id": "postgres-admin//my-database-instance",
            "instance": "my-database-instance",
            "name": "postgres-admin",
            "password": "Changeme@postgres",
            "password_policy": [],
            "project": "lucid-volt-428606-v2",
            "sql_server_user_details": [],
            "timeouts": null,
            "type": ""
          },
          "sensitive_attributes": [],
          "private": "eyJlMmJmYjczMC1lY2FhLTExZTYtOGY4OC0zNDM2M2JjN2M0YzAiOnsiY3JlYXRlIjo2MDAwMDAwMDAwMDAsImRlbGV0ZSI6NjAwMDAwMDAwMDAwLCJ1cGRhdGUiOjYwMDAwMDAwMDAwMH0sInNjaGVtYV92ZXJzaW9uIjoiMSJ9",
          "dependencies": [
            "google_sql_database_instance.instance"
          ]
        }
      ]
    },
    {
      "mode": "managed",
      "type": "google_storage_bucket",
      "name": "backend-bucket",
      "provider": "provider[\"registry.terraform.io/hashicorp/google\"]",
      "instances": [
        {
          "schema_version": 1,
          "attributes": {
            "autoclass": [],
            "cors": [],
            "custom_placement_config": [],
            "default_event_based_hold": false,
            "effective_labels": {},
            "enable_object_retention": false,
            "encryption": [],
            "force_destroy": false,
            "id": "mygcsbackendbucket",
            "labels": {},
            "lifecycle_rule": [],
            "location": "US-CENTRAL1",
            "logging": [],
            "name": "mygcsbackendbucket",
            "project": "lucid-volt-428606-v2",
            "project_number": 970049930065,
            "public_access_prevention": "enforced",
            "requester_pays": false,
            "retention_policy": [],
            "rpo": null,
            "self_link": "https://www.googleapis.com/storage/v1/b/mygcsbackendbucket",
            "soft_delete_policy": [
              {
                "effective_time": "2024-09-16T16:46:22.294Z",
                "retention_duration_seconds": 604800
              }
            ],
            "storage_class": "STANDARD",
            "terraform_labels": {},
            "timeouts": null,
            "uniform_bucket_level_access": false,
            "url": "gs://mygcsbackendbucket",
            "versioning": [],
            "website": []
          },
          "sensitive_attributes": [],
          "private": "eyJlMmJmYjczMC1lY2FhLTExZTYtOGY4OC0zNDM2M2JjN2M0YzAiOnsiY3JlYXRlIjo2MDAwMDAwMDAwMDAsInJlYWQiOjI0MDAwMDAwMDAwMCwidXBkYXRlIjoyNDAwMDAwMDAwMDB9LCJzY2hlbWFfdmVyc2lvbiI6IjEifQ=="
        }
      ]
    }
  ],
  "check_results": null
}
